
Microsoft Visual Studio Solution File, Format Version 12.00
# Visual Studio Version 17
VisualStudioVersion = 17.14.36221.1 d17.14
MinimumVisualStudioVersion = 10.0.40219.1
Project("{FAE04EC0-301F-11D3-BF4B-00C04F79EFBC}") = "TicketBooking.ApiGateway", "TicketBooking.ApiGateway.csproj", "{288A0C9E-912A-5632-0602-ECF76E7DCCD3}"
EndProject
Global
	GlobalSection(SolutionConfigurationPlatforms) = preSolution
		Debug|Any CPU = Debug|Any CPU
		Release|Any CPU = Release|Any CPU
	EndGlobalSection
	GlobalSection(ProjectConfigurationPlatforms) = postSolution
		{288A0C9E-912A-5632-0602-ECF76E7DCCD3}.Debug|Any CPU.ActiveCfg = Debug|Any CPU
		{288A0C9E-912A-5632-0602-ECF76E7DCCD3}.Debug|Any CPU.Build.0 = Debug|Any CPU
		{288A0C9E-912A-5632-0602-ECF76E7DCCD3}.Release|Any CPU.ActiveCfg = Release|Any CPU
		{288A0C9E-912A-5632-0602-ECF76E7DCCD3}.Release|Any CPU.Build.0 = Release|Any CPU
	EndGlobalSection
	GlobalSection(SolutionProperties) = preSolution
		HideSolutionNode = FALSE
	EndGlobalSection
	GlobalSection(ExtensibilityGlobals) = postSolution
		SolutionGuid = {EF71076E-5D75-469C-A25E-87E370EE0958}
	EndGlobalSection
EndGlobal
